
Microsoft Visual Studio Solution File, Format Version 12.00
# Visual Studio 15
VisualStudioVersion = 15.0.27703.2035
MinimumVisualStudioVersion = 10.0.40219.1
Project("{9A19103F-16F7-4668-BE54-9A1E7A4F7556}") = "Kontext.Docu.Web.Portals", "Kontext.Docu.Web.Portals\Kontext.Docu.Web.Portals.csproj", "{3563EE08-0019-44D7-BFA9-48EA5F9CC1C7}"
EndProject
Project("{FAE04EC0-301F-11D3-BF4B-00C04F79EFBC}") = "Kontext.Docu.Core", "Kontext.Docu.Core\Kontext.Docu.Core.csproj", "{386F8E3A-BC0C-49E0-B895-830FC3EF41F5}"
EndProject
Project("{2150E333-8FDC-42A3-9474-1A3956D46DE8}") = "Kontext", "Kontext", "{416C5376-BE76-4381-844F-4A3BC3D2627D}"
EndProject
Project("{2150E333-8FDC-42A3-9474-1A3956D46DE8}") = "Kontext.Docu", "Kontext.Docu", "{23141B5C-6EC8-409E-9E8D-260CC609602F}"
EndProject
Global
	GlobalSection(SolutionConfigurationPlatforms) = preSolution
		Debug|Any CPU = Debug|Any CPU
		Release|Any CPU = Release|Any CPU
	EndGlobalSection
	GlobalSection(ProjectConfigurationPlatforms) = postSolution
		{3563EE08-0019-44D7-BFA9-48EA5F9CC1C7}.Debug|Any CPU.ActiveCfg = Debug|Any CPU
		{3563EE08-0019-44D7-BFA9-48EA5F9CC1C7}.Debug|Any CPU.Build.0 = Debug|Any CPU
		{3563EE08-0019-44D7-BFA9-48EA5F9CC1C7}.Release|Any CPU.ActiveCfg = Release|Any CPU
		{3563EE08-0019-44D7-BFA9-48EA5F9CC1C7}.Release|Any CPU.Build.0 = Release|Any CPU
		{386F8E3A-BC0C-49E0-B895-830FC3EF41F5}.Debug|Any CPU.ActiveCfg = Debug|Any CPU
		{386F8E3A-BC0C-49E0-B895-830FC3EF41F5}.Debug|Any CPU.Build.0 = Debug|Any CPU
		{386F8E3A-BC0C-49E0-B895-830FC3EF41F5}.Release|Any CPU.ActiveCfg = Release|Any CPU
		{386F8E3A-BC0C-49E0-B895-830FC3EF41F5}.Release|Any CPU.Build.0 = Release|Any CPU
	EndGlobalSection
	GlobalSection(SolutionProperties) = preSolution
		HideSolutionNode = FALSE
	EndGlobalSection
	GlobalSection(NestedProjects) = preSolution
		{3563EE08-0019-44D7-BFA9-48EA5F9CC1C7} = {23141B5C-6EC8-409E-9E8D-260CC609602F}
		{386F8E3A-BC0C-49E0-B895-830FC3EF41F5} = {416C5376-BE76-4381-844F-4A3BC3D2627D}
	EndGlobalSection
	GlobalSection(ExtensibilityGlobals) = postSolution
		SolutionGuid = {FA0A90E9-BD08-4123-9675-BFAC4D2080FC}
	EndGlobalSection
EndGlobal
