
Microsoft Visual Studio Solution File, Format Version 12.00
# Visual Studio 15
VisualStudioVersion = 15.0.27703.2035
MinimumVisualStudioVersion = 10.0.40219.1
Project("{FAE04EC0-301F-11D3-BF4B-00C04F79EFBC}") = "Kontext.Docu.Web.Portals", "Kontext.Docu.Web.Portals\Kontext.Docu.Web.Portals.csproj", "{3563EE08-0019-44D7-BFA9-48EA5F9CC1C7}"
EndProject
Global
	GlobalSection(SolutionConfigurationPlatforms) = preSolution
		Debug|Any CPU = Debug|Any CPU
		Release|Any CPU = Release|Any CPU
	EndGlobalSection
	GlobalSection(ProjectConfigurationPlatforms) = postSolution
		{3563EE08-0019-44D7-BFA9-48EA5F9CC1C7}.Debug|Any CPU.ActiveCfg = Debug|Any CPU
		{3563EE08-0019-44D7-BFA9-48EA5F9CC1C7}.Debug|Any CPU.Build.0 = Debug|Any CPU
		{3563EE08-0019-44D7-BFA9-48EA5F9CC1C7}.Release|Any CPU.ActiveCfg = Release|Any CPU
		{3563EE08-0019-44D7-BFA9-48EA5F9CC1C7}.Release|Any CPU.Build.0 = Release|Any CPU
	EndGlobalSection
	GlobalSection(SolutionProperties) = preSolution
		HideSolutionNode = FALSE
	EndGlobalSection
	GlobalSection(ExtensibilityGlobals) = postSolution
		SolutionGuid = {FA0A90E9-BD08-4123-9675-BFAC4D2080FC}
	EndGlobalSection
EndGlobal
